
Microsoft Visual Studio Solution File, Format Version 12.00
# Visual Studio 14
VisualStudioVersion = 14.0.23107.0
MinimumVisualStudioVersion = 10.0.40219.1
Project("{FAE04EC0-301F-11D3-BF4B-00C04F79EFBC}") = "SuperMercadoLaCanasta", "SuperMercadoLaCanasta\SuperMercadoLaCanasta.csproj", "{2BC255FE-D62D-4D4C-9BCE-B3850946ED11}"
EndProject
Project("{FAE04EC0-301F-11D3-BF4B-00C04F79EFBC}") = "Data", "Data\Data.csproj", "{19C16F1C-5AA8-43E7-AA8A-03F4746CA4BD}"
EndProject
Project("{FAE04EC0-301F-11D3-BF4B-00C04F79EFBC}") = "Entidades", "Entidades\Entidades.csproj", "{520062B1-1ABB-4CD4-832B-AB5336B6F106}"
EndProject
Project("{FAE04EC0-301F-11D3-BF4B-00C04F79EFBC}") = "Logica", "Logica\Logica.csproj", "{4B112E02-BB4B-437C-9F34-743ECA4107B5}"
EndProject
Global
	GlobalSection(SolutionConfigurationPlatforms) = preSolution
		Debug|Any CPU = Debug|Any CPU
		Release|Any CPU = Release|Any CPU
	EndGlobalSection
	GlobalSection(ProjectConfigurationPlatforms) = postSolution
		{2BC255FE-D62D-4D4C-9BCE-B3850946ED11}.Debug|Any CPU.ActiveCfg = Debug|Any CPU
		{2BC255FE-D62D-4D4C-9BCE-B3850946ED11}.Debug|Any CPU.Build.0 = Debug|Any CPU
		{2BC255FE-D62D-4D4C-9BCE-B3850946ED11}.Release|Any CPU.ActiveCfg = Release|Any CPU
		{2BC255FE-D62D-4D4C-9BCE-B3850946ED11}.Release|Any CPU.Build.0 = Release|Any CPU
		{19C16F1C-5AA8-43E7-AA8A-03F4746CA4BD}.Debug|Any CPU.ActiveCfg = Debug|Any CPU
		{19C16F1C-5AA8-43E7-AA8A-03F4746CA4BD}.Debug|Any CPU.Build.0 = Debug|Any CPU
		{19C16F1C-5AA8-43E7-AA8A-03F4746CA4BD}.Release|Any CPU.ActiveCfg = Release|Any CPU
		{19C16F1C-5AA8-43E7-AA8A-03F4746CA4BD}.Release|Any CPU.Build.0 = Release|Any CPU
		{520062B1-1ABB-4CD4-832B-AB5336B6F106}.Debug|Any CPU.ActiveCfg = Debug|Any CPU
		{520062B1-1ABB-4CD4-832B-AB5336B6F106}.Debug|Any CPU.Build.0 = Debug|Any CPU
		{520062B1-1ABB-4CD4-832B-AB5336B6F106}.Release|Any CPU.ActiveCfg = Release|Any CPU
		{520062B1-1ABB-4CD4-832B-AB5336B6F106}.Release|Any CPU.Build.0 = Release|Any CPU
		{4B112E02-BB4B-437C-9F34-743ECA4107B5}.Debug|Any CPU.ActiveCfg = Debug|Any CPU
		{4B112E02-BB4B-437C-9F34-743ECA4107B5}.Debug|Any CPU.Build.0 = Debug|Any CPU
		{4B112E02-BB4B-437C-9F34-743ECA4107B5}.Release|Any CPU.ActiveCfg = Release|Any CPU
		{4B112E02-BB4B-437C-9F34-743ECA4107B5}.Release|Any CPU.Build.0 = Release|Any CPU
	EndGlobalSection
	GlobalSection(SolutionProperties) = preSolution
		HideSolutionNode = FALSE
	EndGlobalSection
EndGlobal
